// !$*UTF8*$!
{
	archiveVersion = 1;
	classes = {
	};
	objectVersion = 56;
	objects = {

/* Begin PBXBuildFile section */
		1105CC492AC5E3EE00E5149F /* AppDelegate.swift in Sources */ = {isa = PBXBuildFile; fileRef = 1105CC482AC5E3EE00E5149F /* AppDelegate.swift */; };
		1105CC4B2AC5E3EE00E5149F /* SceneDelegate.swift in Sources */ = {isa = PBXBuildFile; fileRef = 1105CC4A2AC5E3EE00E5149F /* SceneDelegate.swift */; };
		1105CC4D2AC5E3EE00E5149F /* ViewController.swift in Sources */ = {isa = PBXBuildFile; fileRef = 1105CC4C2AC5E3EE00E5149F /* ViewController.swift */; };
		1105CC502AC5E3EE00E5149F /* Main.storyboard in Resources */ = {isa = PBXBuildFile; fileRef = 1105CC4E2AC5E3EE00E5149F /* Main.storyboard */; };
		1105CC522AC5E3EF00E5149F /* Assets.xcassets in Resources */ = {isa = PBXBuildFile; fileRef = 1105CC512AC5E3EF00E5149F /* Assets.xcassets */; };
		1105CC552AC5E3EF00E5149F /* LaunchScreen.storyboard in Resources */ = {isa = PBXBuildFile; fileRef = 1105CC532AC5E3EF00E5149F /* LaunchScreen.storyboard */; };
		1105CC602AC5E3EF00E5149F /* Login_appTests.swift in Sources */ = {isa = PBXBuildFile; fileRef = 1105CC5F2AC5E3EF00E5149F /* Login_appTests.swift */; };
		1105CC6A2AC5E3EF00E5149F /* Login_appUITests.swift in Sources */ = {isa = PBXBuildFile; fileRef = 1105CC692AC5E3EF00E5149F /* Login_appUITests.swift */; };
		1105CC6C2AC5E3EF00E5149F /* Login_appUITestsLaunchTests.swift in Sources */ = {isa = PBXBuildFile; fileRef = 1105CC6B2AC5E3EF00E5149F /* Login_appUITestsLaunchTests.swift */; };
/* End PBXBuildFile section */

/* Begin PBXContainerItemProxy section */
		1105CC5C2AC5E3EF00E5149F /* PBXContainerItemProxy */ = {
			isa = PBXContainerItemProxy;
			containerPortal = 1105CC3D2AC5E3EE00E5149F /* Project object */;
			proxyType = 1;
			remoteGlobalIDString = 1105CC442AC5E3EE00E5149F;
			remoteInfo = "Login app";
		};
		1105CC662AC5E3EF00E5149F /* PBXContainerItemProxy */ = {
			isa = PBXContainerItemProxy;
			containerPortal = 1105CC3D2AC5E3EE00E5149F /* Project object */;
			proxyType = 1;
			remoteGlobalIDString = 1105CC442AC5E3EE00E5149F;
			remoteInfo = "Login app";
		};
/* End PBXContainerItemProxy section */

/* Begin PBXFileReference section */
		1105CC452AC5E3EE00E5149F /* Login app.app */ = {isa = PBXFileReference; explicitFileType = wrapper.application; includeInIndex = 0; path = "Login app.app"; sourceTree = BUILT_PRODUCTS_DIR; };
		1105CC482AC5E3EE00E5149F /* AppDelegate.swift */ = {isa = PBXFileReference; lastKnownFileType = sourcecode.swift; path = AppDelegate.swift; sourceTree = "<group>"; };
		1105CC4A2AC5E3EE00E5149F /* SceneDelegate.swift */ = {isa = PBXFileReference; lastKnownFileType = sourcecode.swift; path = SceneDelegate.swift; sourceTree = "<group>"; };
		1105CC4C2AC5E3EE00E5149F /* ViewController.swift */ = {isa = PBXFileReference; lastKnownFileType = sourcecode.swift; path = ViewController.swift; sourceTree = "<group>"; };
		1105CC4F2AC5E3EE00E5149F /* Base */ = {isa = PBXFileReference; lastKnownFileType = file.storyboard; name = Base; path = Base.lproj/Main.storyboard; sourceTree = "<group>"; };
		1105CC512AC5E3EF00E5149F /* Assets.xcassets */ = {isa = PBXFileReference; lastKnownFileType = folder.assetcatalog; path = Assets.xcassets; sourceTree = "<group>"; };
		1105CC542AC5E3EF00E5149F /* Base */ = {isa = PBXFileReference; lastKnownFileType = file.storyboard; name = Base; path = Base.lproj/LaunchScreen.storyboard; sourceTree = "<group>"; };
		1105CC562AC5E3EF00E5149F /* Info.plist */ = {isa = PBXFileReference; lastKnownFileType = text.plist.xml; path = Info.plist; sourceTree = "<group>"; };
		1105CC5B2AC5E3EF00E5149F /* Login appTests.xctest */ = {isa = PBXFileReference; explicitFileType = wrapper.cfbundle; includeInIndex = 0; path = "Login appTests.xctest"; sourceTree = BUILT_PRODUCTS_DIR; };
		1105CC5F2AC5E3EF00E5149F /* Login_appTests.swift */ = {isa = PBXFileReference; lastKnownFileType = sourcecode.swift; path = Login_appTests.swift; sourceTree = "<group>"; };
		1105CC652AC5E3EF00E5149F /* Login appUITests.xctest */ = {isa = PBXFileReference; explicitFileType = wrapper.cfbundle; includeInIndex = 0; path = "Login appUITests.xctest"; sourceTree = BUILT_PRODUCTS_DIR; };
		1105CC692AC5E3EF00E5149F /* Login_appUITests.swift */ = {isa = PBXFileReference; lastKnownFileType = sourcecode.swift; path = Login_appUITests.swift; sourceTree = "<group>"; };
		1105CC6B2AC5E3EF00E5149F /* Login_appUITestsLaunchTests.swift */ = {isa = PBXFileReference; lastKnownFileType = sourcecode.swift; path = Login_appUITestsLaunchTests.swift; sourceTree = "<group>"; };
/* End PBXFileReference section */

/* Begin PBXFrameworksBuildPhase section */
		1105CC422AC5E3EE00E5149F /* Frameworks */ = {
			isa = PBXFrameworksBuildPhase;
			buildActionMask = 2147483647;
			files = (
			);
			runOnlyForDeploymentPostprocessing = 0;
		};
		1105CC582AC5E3EF00E5149F /* Frameworks */ = {
			isa = PBXFrameworksBuildPhase;
			buildActionMask = 2147483647;
			files = (
			);
			runOnlyForDeploymentPostprocessing = 0;
		};
		1105CC622AC5E3EF00E5149F /* Frameworks */ = {
			isa = PBXFrameworksBuildPhase;
			buildActionMask = 2147483647;
			files = (
			);
			runOnlyForDeploymentPostprocessing = 0;
		};
/* End PBXFrameworksBuildPhase section */

/* Begin PBXGroup section */
		1105CC3C2AC5E3EE00E5149F = {
			isa = PBXGroup;
			children = (
				1105CC472AC5E3EE00E5149F /* Login app */,
				1105CC5E2AC5E3EF00E5149F /* Login appTests */,
				1105CC682AC5E3EF00E5149F /* Login appUITests */,
				1105CC462AC5E3EE00E5149F /* Products */,
			);
			sourceTree = "<group>";
		};
		1105CC462AC5E3EE00E5149F /* Products */ = {
			isa = PBXGroup;
			children = (
				1105CC452AC5E3EE00E5149F /* Login app.app */,
				1105CC5B2AC5E3EF00E5149F /* Login appTests.xctest */,
				1105CC652AC5E3EF00E5149F /* Login appUITests.xctest */,
			);
			name = Products;
			sourceTree = "<group>";
		};
		1105CC472AC5E3EE00E5149F /* Login app */ = {
			isa = PBXGroup;
			children = (
				1105CC482AC5E3EE00E5149F /* AppDelegate.swift */,
				1105CC4A2AC5E3EE00E5149F /* SceneDelegate.swift */,
				1105CC4C2AC5E3EE00E5149F /* ViewController.swift */,
				1105CC4E2AC5E3EE00E5149F /* Main.storyboard */,
				1105CC512AC5E3EF00E5149F /* Assets.xcassets */,
				1105CC532AC5E3EF00E5149F /* LaunchScreen.storyboard */,
				1105CC562AC5E3EF00E5149F /* Info.plist */,
			);
			path = "Login app";
			sourceTree = "<group>";
		};
		1105CC5E2AC5E3EF00E5149F /* Login appTests */ = {
			isa = PBXGroup;
			children = (
				1105CC5F2AC5E3EF00E5149F /* Login_appTests.swift */,
			);
			path = "Login appTests";
			sourceTree = "<group>";
		};
		1105CC682AC5E3EF00E5149F /* Login appUITests */ = {
			isa = PBXGroup;
			children = (
				1105CC692AC5E3EF00E5149F /* Login_appUITests.swift */,
				1105CC6B2AC5E3EF00E5149F /* Login_appUITestsLaunchTests.swift */,
			);
			path = "Login appUITests";
			sourceTree = "<group>";
		};
/* End PBXGroup section */

/* Begin PBXNativeTarget section */
		1105CC442AC5E3EE00E5149F /* Login app */ = {
			isa = PBXNativeTarget;
			buildConfigurationList = 1105CC6F2AC5E3EF00E5149F /* Build configuration list for PBXNativeTarget "Login app" */;
			buildPhases = (
				1105CC412AC5E3EE00E5149F /* Sources */,
				1105CC422AC5E3EE00E5149F /* Frameworks */,
				1105CC432AC5E3EE00E5149F /* Resources */,
			);
			buildRules = (
			);
			dependencies = (
			);
			name = "Login app";
			productName = "Login app";
			productReference = 1105CC452AC5E3EE00E5149F /* Login app.app */;
			productType = "com.apple.product-type.application";
		};
		1105CC5A2AC5E3EF00E5149F /* Login appTests */ = {
			isa = PBXNativeTarget;
			buildConfigurationList = 1105CC722AC5E3EF00E5149F /* Build configuration list for PBXNativeTarget "Login appTests" */;
			buildPhases = (
				1105CC572AC5E3EF00E5149F /* Sources */,
				1105CC582AC5E3EF00E5149F /* Frameworks */,
				1105CC592AC5E3EF00E5149F /* Resources */,
			);
			buildRules = (
			);
			dependencies = (
				1105CC5D2AC5E3EF00E5149F /* PBXTargetDependency */,
			);
			name = "Login appTests";
			productName = "Login appTests";
			productReference = 1105CC5B2AC5E3EF00E5149F /* Login appTests.xctest */;
			productType = "com.apple.product-type.bundle.unit-test";
		};
		1105CC642AC5E3EF00E5149F /* Login appUITests */ = {
			isa = PBXNativeTarget;
			buildConfigurationList = 1105CC752AC5E3EF00E5149F /* Build configuration list for PBXNativeTarget "Login appUITests" */;
			buildPhases = (
				1105CC612AC5E3EF00E5149F /* Sources */,
				1105CC622AC5E3EF00E5149F /* Frameworks */,
				1105CC632AC5E3EF00E5149F /* Resources */,
			);
			buildRules = (
			);
			dependencies = (
				1105CC672AC5E3EF00E5149F /* PBXTargetDependency */,
			);
			name = "Login appUITests";
			productName = "Login appUITests";
			productReference = 1105CC652AC5E3EF00E5149F /* Login appUITests.xctest */;
			productType = "com.apple.product-type.bundle.ui-testing";
		};
/* End PBXNativeTarget section */

/* Begin PBXProject section */
		1105CC3D2AC5E3EE00E5149F /* Project object */ = {
			isa = PBXProject;
			attributes = {
				BuildIndependentTargetsInParallel = 1;
				LastSwiftUpdateCheck = 1500;
				LastUpgradeCheck = 1500;
				TargetAttributes = {
					1105CC442AC5E3EE00E5149F = {
						CreatedOnToolsVersion = 15.0;
					};
					1105CC5A2AC5E3EF00E5149F = {
						CreatedOnToolsVersion = 15.0;
						TestTargetID = 1105CC442AC5E3EE00E5149F;
					};
					1105CC642AC5E3EF00E5149F = {
						CreatedOnToolsVersion = 15.0;
						TestTargetID = 1105CC442AC5E3EE00E5149F;
					};
				};
			};
			buildConfigurationList = 1105CC402AC5E3EE00E5149F /* Build configuration list for PBXProject "Login app" */;
			compatibilityVersion = "Xcode 14.0";
			developmentRegion = en;
			hasScannedForEncodings = 0;
			knownRegions = (
				en,
				Base,
			);
			mainGroup = 1105CC3C2AC5E3EE00E5149F;
			productRefGroup = 1105CC462AC5E3EE00E5149F /* Products */;
			projectDirPath = "";
			projectRoot = "";
			targets = (
				1105CC442AC5E3EE00E5149F /* Login app */,
				1105CC5A2AC5E3EF00E5149F /* Login appTests */,
				1105CC642AC5E3EF00E5149F /* Login appUITests */,
			);
		};
/* End PBXProject section */

/* Begin PBXResourcesBuildPhase section */
		1105CC432AC5E3EE00E5149F /* Resources */ = {
			isa = PBXResourcesBuildPhase;
			buildActionMask = 2147483647;
			files = (
				1105CC552AC5E3EF00E5149F /* LaunchScreen.storyboard in Resources */,
				1105CC522AC5E3EF00E5149F /* Assets.xcassets in Resources */,
				1105CC502AC5E3EE00E5149F /* Main.storyboard in Resources */,
			);
			runOnlyForDeploymentPostprocessing = 0;
		};
		1105CC592AC5E3EF00E5149F /* Resources */ = {
			isa = PBXResourcesBuildPhase;
			buildActionMask = 2147483647;
			files = (
			);
			runOnlyForDeploymentPostprocessing = 0;
		};
		1105CC632AC5E3EF00E5149F /* Resources */ = {
			isa = PBXResourcesBuildPhase;
			buildActionMask = 2147483647;
			files = (
			);
			runOnlyForDeploymentPostprocessing = 0;
		};
/* End PBXResourcesBuildPhase section */

/* Begin PBXSourcesBuildPhase section */
		1105CC412AC5E3EE00E5149F /* Sources */ = {
			isa = PBXSourcesBuildPhase;
			buildActionMask = 2147483647;
			files = (
				1105CC4D2AC5E3EE00E5149F /* ViewController.swift in Sources */,
				1105CC492AC5E3EE00E5149F /* AppDelegate.swift in Sources */,
				1105CC4B2AC5E3EE00E5149F /* SceneDelegate.swift in Sources */,
			);
			runOnlyForDeploymentPostprocessing = 0;
		};
		1105CC572AC5E3EF00E5149F /* Sources */ = {
			isa = PBXSourcesBuildPhase;
			buildActionMask = 2147483647;
			files = (
				1105CC602AC5E3EF00E5149F /* Login_appTests.swift in Sources */,
			);
			runOnlyForDeploymentPostprocessing = 0;
		};
		1105CC612AC5E3EF00E5149F /* Sources */ = {
			isa = PBXSourcesBuildPhase;
			buildActionMask = 2147483647;
			files = (
				1105CC6C2AC5E3EF00E5149F /* Login_appUITestsLaunchTests.swift in Sources */,
				1105CC6A2AC5E3EF00E5149F /* Login_appUITests.swift in Sources */,
			);
			runOnlyForDeploymentPostprocessing = 0;
		};
/* End PBXSourcesBuildPhase section */

/* Begin PBXTargetDependency section */
		1105CC5D2AC5E3EF00E5149F /* PBXTargetDependency */ = {
			isa = PBXTargetDependency;
			target = 1105CC442AC5E3EE00E5149F /* Login app */;
			targetProxy = 1105CC5C2AC5E3EF00E5149F /* PBXContainerItemProxy */;
		};
		1105CC672AC5E3EF00E5149F /* PBXTargetDependency */ = {
			isa = PBXTargetDependency;
			target = 1105CC442AC5E3EE00E5149F /* Login app */;
			targetProxy = 1105CC662AC5E3EF00E5149F /* PBXContainerItemProxy */;
		};
/* End PBXTargetDependency section */

/* Begin PBXVariantGroup section */
		1105CC4E2AC5E3EE00E5149F /* Main.storyboard */ = {
			isa = PBXVariantGroup;
			children = (
				1105CC4F2AC5E3EE00E5149F /* Base */,
			);
			name = Main.storyboard;
			sourceTree = "<group>";
		};
		1105CC532AC5E3EF00E5149F /* LaunchScreen.storyboard */ = {
			isa = PBXVariantGroup;
			children = (
				1105CC542AC5E3EF00E5149F /* Base */,
			);
			name = LaunchScreen.storyboard;
			sourceTree = "<group>";
		};
/* End PBXVariantGroup section */

/* Begin XCBuildConfiguration section */
		1105CC6D2AC5E3EF00E5149F /* Debug */ = {
			isa = XCBuildConfiguration;
			buildSettings = {
				ALWAYS_SEARCH_USER_PATHS = NO;
				ASSETCATALOG_COMPILER_GENERATE_SWIFT_ASSET_SYMBOL_EXTENSIONS = YES;
				CLANG_ANALYZER_NONNULL = YES;
				CLANG_ANALYZER_NUMBER_OBJECT_CONVERSION = YES_AGGRESSIVE;
				CLANG_CXX_LANGUAGE_STANDARD = "gnu++20";
				CLANG_ENABLE_MODULES = YES;
				CLANG_ENABLE_OBJC_ARC = YES;
				CLANG_ENABLE_OBJC_WEAK = YES;
				CLANG_WARN_BLOCK_CAPTURE_AUTORELEASING = YES;
				CLANG_WARN_BOOL_CONVERSION = YES;
				CLANG_WARN_COMMA = YES;
				CLANG_WARN_CONSTANT_CONVERSION = YES;
				CLANG_WARN_DEPRECATED_OBJC_IMPLEMENTATIONS = YES;
				CLANG_WARN_DIRECT_OBJC_ISA_USAGE = YES_ERROR;
				CLANG_WARN_DOCUMENTATION_COMMENTS = YES;
				CLANG_WARN_EMPTY_BODY = YES;
				CLANG_WARN_ENUM_CONVERSION = YES;
				CLANG_WARN_INFINITE_RECURSION = YES;
				CLANG_WARN_INT_CONVERSION = YES;
				CLANG_WARN_NON_LITERAL_NULL_CONVERSION = YES;
				CLANG_WARN_OBJC_IMPLICIT_RETAIN_SELF = YES;
				CLANG_WARN_OBJC_LITERAL_CONVERSION = YES;
				CLANG_WARN_OBJC_ROOT_CLASS = YES_ERROR;
				CLANG_WARN_QUOTED_INCLUDE_IN_FRAMEWORK_HEADER = YES;
				CLANG_WARN_RANGE_LOOP_ANALYSIS = YES;
				CLANG_WARN_STRICT_PROTOTYPES = YES;
				CLANG_WARN_SUSPICIOUS_MOVE = YES;
				CLANG_WARN_UNGUARDED_AVAILABILITY = YES_AGGRESSIVE;
				CLANG_WARN_UNREACHABLE_CODE = YES;
				CLANG_WARN__DUPLICATE_METHOD_MATCH = YES;
				COPY_PHASE_STRIP = NO;
				DEBUG_INFORMATION_FORMAT = dwarf;
				ENABLE_STRICT_OBJC_MSGSEND = YES;
				ENABLE_TESTABILITY = YES;
				ENABLE_USER_SCRIPT_SANDBOXING = YES;
				GCC_C_LANGUAGE_STANDARD = gnu17;
				GCC_DYNAMIC_NO_PIC = NO;
				GCC_NO_COMMON_BLOCKS = YES;
				GCC_OPTIMIZATION_LEVEL = 0;
				GCC_PREPROCESSOR_DEFINITIONS = (
					"DEBUG=1",
					"$(inherited)",
				);
				GCC_WARN_64_TO_32_BIT_CONVERSION = YES;
				GCC_WARN_ABOUT_RETURN_TYPE = YES_ERROR;
				GCC_WARN_UNDECLARED_SELECTOR = YES;
				GCC_WARN_UNINITIALIZED_AUTOS = YES_AGGRESSIVE;
				GCC_WARN_UNUSED_FUNCTION = YES;
				GCC_WARN_UNUSED_VARIABLE = YES;
				IPHONEOS_DEPLOYMENT_TARGET = 17.0;
				LOCALIZATION_PREFERS_STRING_CATALOGS = YES;
				MTL_ENABLE_DEBUG_INFO = INCLUDE_SOURCE;
				MTL_FAST_MATH = YES;
				ONLY_ACTIVE_ARCH = YES;
				SDKROOT = iphoneos;
				SWIFT_ACTIVE_COMPILATION_CONDITIONS = "DEBUG $(inherited)";
				SWIFT_OPTIMIZATION_LEVEL = "-Onone";
			};
			name = Debug;
		};
		1105CC6E2AC5E3EF00E5149F /* Release */ = {
			isa = XCBuildConfiguration;
			buildSettings = {
				ALWAYS_SEARCH_USER_PATHS = NO;
				ASSETCATALOG_COMPILER_GENERATE_SWIFT_ASSET_SYMBOL_EXTENSIONS = YES;
				CLANG_ANALYZER_NONNULL = YES;
				CLANG_ANALYZER_NUMBER_OBJECT_CONVERSION = YES_AGGRESSIVE;
				CLANG_CXX_LANGUAGE_STANDARD = "gnu++20";
				CLANG_ENABLE_MODULES = YES;
				CLANG_ENABLE_OBJC_ARC = YES;
				CLANG_ENABLE_OBJC_WEAK = YES;
				CLANG_WARN_BLOCK_CAPTURE_AUTORELEASING = YES;
				CLANG_WARN_BOOL_CONVERSION = YES;
				CLANG_WARN_COMMA = YES;
				CLANG_WARN_CONSTANT_CONVERSION = YES;
				CLANG_WARN_DEPRECATED_OBJC_IMPLEMENTATIONS = YES;
				CLANG_WARN_DIRECT_OBJC_ISA_USAGE = YES_ERROR;
				CLANG_WARN_DOCUMENTATION_COMMENTS = YES;
				CLANG_WARN_EMPTY_BODY = YES;
				CLANG_WARN_ENUM_CONVERSION = YES;
				CLANG_WARN_INFINITE_RECURSION = YES;
				CLANG_WARN_INT_CONVERSION = YES;
				CLANG_WARN_NON_LITERAL_NULL_CONVERSION = YES;
				CLANG_WARN_OBJC_IMPLICIT_RETAIN_SELF = YES;
				CLANG_WARN_OBJC_LITERAL_CONVERSION = YES;
				CLANG_WARN_OBJC_ROOT_CLASS = YES_ERROR;
				CLANG_WARN_QUOTED_INCLUDE_IN_FRAMEWORK_HEADER = YES;
				CLANG_WARN_RANGE_LOOP_ANALYSIS = YES;
				CLANG_WARN_STRICT_PROTOTYPES = YES;
				CLANG_WARN_SUSPICIOUS_MOVE = YES;
				CLANG_WARN_UNGUARDED_AVAILABILITY = YES_AGGRESSIVE;
				CLANG_WARN_UNREACHABLE_CODE = YES;
				CLANG_WARN__DUPLICATE_METHOD_MATCH = YES;
				COPY_PHASE_STRIP = NO;
				DEBUG_INFORMATION_FORMAT = "dwarf-with-dsym";
				ENABLE_NS_ASSERTIONS = NO;
				ENABLE_STRICT_OBJC_MSGSEND = YES;
				ENABLE_USER_SCRIPT_SANDBOXING = YES;
				GCC_C_LANGUAGE_STANDARD = gnu17;
				GCC_NO_COMMON_BLOCKS = YES;
				GCC_WARN_64_TO_32_BIT_CONVERSION = YES;
				GCC_WARN_ABOUT_RETURN_TYPE = YES_ERROR;
				GCC_WARN_UNDECLARED_SELECTOR = YES;
				GCC_WARN_UNINITIALIZED_AUTOS = YES_AGGRESSIVE;
				GCC_WARN_UNUSED_FUNCTION = YES;
				GCC_WARN_UNUSED_VARIABLE = YES;
				IPHONEOS_DEPLOYMENT_TARGET = 17.0;
				LOCALIZATION_PREFERS_STRING_CATALOGS = YES;
				MTL_ENABLE_DEBUG_INFO = NO;
				MTL_FAST_MATH = YES;
				SDKROOT = iphoneos;
				SWIFT_COMPILATION_MODE = wholemodule;
				VALIDATE_PRODUCT = YES;
			};
			name = Release;
		};
		1105CC702AC5E3EF00E5149F /* Debug */ = {
			isa = XCBuildConfiguration;
			buildSettings = {
				ASSETCATALOG_COMPILER_APPICON_NAME = AppIcon;
				ASSETCATALOG_COMPILER_GLOBAL_ACCENT_COLOR_NAME = AccentColor;
				CODE_SIGN_STYLE = Automatic;
				CURRENT_PROJECT_VERSION = 1;
				GENERATE_INFOPLIST_FILE = YES;
				INFOPLIST_FILE = "Login app/Info.plist";
				INFOPLIST_KEY_UIApplicationSupportsIndirectInputEvents = YES;
				INFOPLIST_KEY_UILaunchStoryboardName = LaunchScreen;
				INFOPLIST_KEY_UIMainStoryboardFile = Main;
				INFOPLIST_KEY_UISupportedInterfaceOrientations_iPad = "UIInterfaceOrientationPortrait UIInterfaceOrientationPortraitUpsideDown UIInterfaceOrientationLandscapeLeft UIInterfaceOrientationLandscapeRight";
				INFOPLIST_KEY_UISupportedInterfaceOrientations_iPhone = "UIInterfaceOrientationPortrait UIInterfaceOrientationLandscapeLeft UIInterfaceOrientationLandscapeRight";
				LD_RUNPATH_SEARCH_PATHS = (
					"$(inherited)",
					"@executable_path/Frameworks",
				);
				MARKETING_VERSION = 1.0;
				PRODUCT_BUNDLE_IDENTIFIER = "com.felipe.Login-app";
				PRODUCT_NAME = "$(TARGET_NAME)";
				SWIFT_EMIT_LOC_STRINGS = YES;
				SWIFT_VERSION = 5.0;
				TARGETED_DEVICE_FAMILY = "1,2";
			};
			name = Debug;
		};
		1105CC712AC5E3EF00E5149F /* Release */ = {
			isa = XCBuildConfiguration;
			buildSettings = {
				ASSETCATALOG_COMPILER_APPICON_NAME = AppIcon;
				ASSETCATALOG_COMPILER_GLOBAL_ACCENT_COLOR_NAME = AccentColor;
				CODE_SIGN_STYLE = Automatic;
				CURRENT_PROJECT_VERSION = 1;
				GENERATE_INFOPLIST_FILE = YES;
				INFOPLIST_FILE = "Login app/Info.plist";
				INFOPLIST_KEY_UIApplicationSupportsIndirectInputEvents = YES;
				INFOPLIST_KEY_UILaunchStoryboardName = LaunchScreen;
				INFOPLIST_KEY_UIMainStoryboardFile = Main;
				INFOPLIST_KEY_UISupportedInterfaceOrientations_iPad = "UIInterfaceOrientationPortrait UIInterfaceOrientationPortraitUpsideDown UIInterfaceOrientationLandscapeLeft UIInterfaceOrientationLandscapeRight";
				INFOPLIST_KEY_UISupportedInterfaceOrientations_iPhone = "UIInterfaceOrientationPortrait UIInterfaceOrientationLandscapeLeft UIInterfaceOrientationLandscapeRight";
				LD_RUNPATH_SEARCH_PATHS = (
					"$(inherited)",
					"@executable_path/Frameworks",
				);
				MARKETING_VERSION = 1.0;
				PRODUCT_BUNDLE_IDENTIFIER = "com.felipe.Login-app";
				PRODUCT_NAME = "$(TARGET_NAME)";
				SWIFT_EMIT_LOC_STRINGS = YES;
				SWIFT_VERSION = 5.0;
				TARGETED_DEVICE_FAMILY = "1,2";
			};
			name = Release;
		};
		1105CC732AC5E3EF00E5149F /* Debug */ = {
			isa = XCBuildConfiguration;
			buildSettings = {
				ALWAYS_EMBED_SWIFT_STANDARD_LIBRARIES = YES;
				BUNDLE_LOADER = "$(TEST_HOST)";
				CODE_SIGN_STYLE = Automatic;
				CURRENT_PROJECT_VERSION = 1;
				GENERATE_INFOPLIST_FILE = YES;
				IPHONEOS_DEPLOYMENT_TARGET = 17.0;
				MARKETING_VERSION = 1.0;
				PRODUCT_BUNDLE_IDENTIFIER = "com.felipe.Login-appTests";
				PRODUCT_NAME = "$(TARGET_NAME)";
				SWIFT_EMIT_LOC_STRINGS = NO;
				SWIFT_VERSION = 5.0;
				TARGETED_DEVICE_FAMILY = "1,2";
				TEST_HOST = "$(BUILT_PRODUCTS_DIR)/Login app.app/$(BUNDLE_EXECUTABLE_FOLDER_PATH)/Login app";
			};
			name = Debug;
		};
		1105CC742AC5E3EF00E5149F /* Release */ = {
			isa = XCBuildConfiguration;
			buildSettings = {
				ALWAYS_EMBED_SWIFT_STANDARD_LIBRARIES = YES;
				BUNDLE_LOADER = "$(TEST_HOST)";
				CODE_SIGN_STYLE = Automatic;
				CURRENT_PROJECT_VERSION = 1;
				GENERATE_INFOPLIST_FILE = YES;
				IPHONEOS_DEPLOYMENT_TARGET = 17.0;
				MARKETING_VERSION = 1.0;
				PRODUCT_BUNDLE_IDENTIFIER = "com.felipe.Login-appTests";
				PRODUCT_NAME = "$(TARGET_NAME)";
				SWIFT_EMIT_LOC_STRINGS = NO;
				SWIFT_VERSION = 5.0;
				TARGETED_DEVICE_FAMILY = "1,2";
				TEST_HOST = "$(BUILT_PRODUCTS_DIR)/Login app.app/$(BUNDLE_EXECUTABLE_FOLDER_PATH)/Login app";
			};
			name = Release;
		};
		1105CC762AC5E3EF00E5149F /* Debug */ = {
			isa = XCBuildConfiguration;
			buildSettings = {
				ALWAYS_EMBED_SWIFT_STANDARD_LIBRARIES = YES;
				CODE_SIGN_STYLE = Automatic;
				CURRENT_PROJECT_VERSION = 1;
				GENERATE_INFOPLIST_FILE = YES;
				MARKETING_VERSION = 1.0;
				PRODUCT_BUNDLE_IDENTIFIER = "com.felipe.Login-appUITests";
				PRODUCT_NAME = "$(TARGET_NAME)";
				SWIFT_EMIT_LOC_STRINGS = NO;
				SWIFT_VERSION = 5.0;
				TARGETED_DEVICE_FAMILY = "1,2";
				TEST_TARGET_NAME = "Login app";
			};
			name = Debug;
		};
		1105CC772AC5E3EF00E5149F /* Release */ = {
			isa = XCBuildConfiguration;
			buildSettings = {
				ALWAYS_EMBED_SWIFT_STANDARD_LIBRARIES = YES;
				CODE_SIGN_STYLE = Automatic;
				CURRENT_PROJECT_VERSION = 1;
				GENERATE_INFOPLIST_FILE = YES;
				MARKETING_VERSION = 1.0;
				PRODUCT_BUNDLE_IDENTIFIER = "com.felipe.Login-appUITests";
				PRODUCT_NAME = "$(TARGET_NAME)";
				SWIFT_EMIT_LOC_STRINGS = NO;
				SWIFT_VERSION = 5.0;
				TARGETED_DEVICE_FAMILY = "1,2";
				TEST_TARGET_NAME = "Login app";
			};
			name = Release;
		};
/* End XCBuildConfiguration section */

/* Begin XCConfigurationList section */
		1105CC402AC5E3EE00E5149F /* Build configuration list for PBXProject "Login app" */ = {
			isa = XCConfigurationList;
			buildConfigurations = (
				1105CC6D2AC5E3EF00E5149F /* Debug */,
				1105CC6E2AC5E3EF00E5149F /* Release */,
			);
			defaultConfigurationIsVisible = 0;
			defaultConfigurationName = Release;
		};
		1105CC6F2AC5E3EF00E5149F /* Build configuration list for PBXNativeTarget "Login app" */ = {
			isa = XCConfigurationList;
			buildConfigurations = (
				1105CC702AC5E3EF00E5149F /* Debug */,
				1105CC712AC5E3EF00E5149F /* Release */,
			);
			defaultConfigurationIsVisible = 0;
			defaultConfigurationName = Release;
		};
		1105CC722AC5E3EF00E5149F /* Build configuration list for PBXNativeTarget "Login appTests" */ = {
			isa = XCConfigurationList;
			buildConfigurations = (
				1105CC732AC5E3EF00E5149F /* Debug */,
				1105CC742AC5E3EF00E5149F /* Release */,
			);
			defaultConfigurationIsVisible = 0;
			defaultConfigurationName = Release;
		};
		1105CC752AC5E3EF00E5149F /* Build configuration list for PBXNativeTarget "Login appUITests" */ = {
			isa = XCConfigurationList;
			buildConfigurations = (
				1105CC762AC5E3EF00E5149F /* Debug */,
				1105CC772AC5E3EF00E5149F /* Release */,
			);
			defaultConfigurationIsVisible = 0;
			defaultConfigurationName = Release;
		};
/* End XCConfigurationList section */
	};
	rootObject = 1105CC3D2AC5E3EE00E5149F /* Project object */;
}
